
Microsoft Visual Studio Solution File, Format Version 12.00
# Visual Studio Version 17
VisualStudioVersion = 17.0.31903.59
MinimumVisualStudioVersion = 10.0.40219.1
Project("{FAE04EC0-301F-11D3-BF4B-00C04F79EFBC}") = "Catalog.Api", "Catalog.Api\Catalog.Api.csproj", "{028602AF-5595-4000-A827-610368F19572}"
EndProject
Project("{FAE04EC0-301F-11D3-BF4B-00C04F79EFBC}") = "Catalog.Tests", "Catalog.Tests\Catalog.Tests.csproj", "{D7EFF82C-3491-4C0A-A411-BEB7E620190F}"
EndProject
Global
	GlobalSection(SolutionConfigurationPlatforms) = preSolution
		Debug|Any CPU = Debug|Any CPU
		Release|Any CPU = Release|Any CPU
	EndGlobalSection
	GlobalSection(SolutionProperties) = preSolution
		HideSolutionNode = FALSE
	EndGlobalSection
	GlobalSection(ProjectConfigurationPlatforms) = postSolution
		{028602AF-5595-4000-A827-610368F19572}.Debug|Any CPU.ActiveCfg = Debug|Any CPU
		{028602AF-5595-4000-A827-610368F19572}.Debug|Any CPU.Build.0 = Debug|Any CPU
		{028602AF-5595-4000-A827-610368F19572}.Release|Any CPU.ActiveCfg = Release|Any CPU
		{028602AF-5595-4000-A827-610368F19572}.Release|Any CPU.Build.0 = Release|Any CPU
		{D7EFF82C-3491-4C0A-A411-BEB7E620190F}.Debug|Any CPU.ActiveCfg = Debug|Any CPU
		{D7EFF82C-3491-4C0A-A411-BEB7E620190F}.Debug|Any CPU.Build.0 = Debug|Any CPU
		{D7EFF82C-3491-4C0A-A411-BEB7E620190F}.Release|Any CPU.ActiveCfg = Release|Any CPU
		{D7EFF82C-3491-4C0A-A411-BEB7E620190F}.Release|Any CPU.Build.0 = Release|Any CPU
	EndGlobalSection
EndGlobal
